// !$*UTF8*$!
{
	archiveVersion = 1;
	classes = {
	};
	objectVersion = 42;
	objects = {

/* Begin PBXBuildFile section */
		7F08769B0C29F6980015C4C0 /* glgrab.c in Sources */ = {isa = PBXBuildFile; fileRef = 7F08769A0C29F6980015C4C0 /* glgrab.c */; };
		7F2998C70C224D7300227C9E /* TKController.m in Sources */ = {isa = PBXBuildFile; fileRef = 7F2998C60C224D7300227C9E /* TKController.m */; };
		7F2998CE0C224DAC00227C9E /* SimpleHTTPServer.m in Sources */ = {isa = PBXBuildFile; fileRef = 7F2998CA0C224DAC00227C9E /* SimpleHTTPServer.m */; };
		7F2998CF0C224DAC00227C9E /* SimpleHTTPConnection.m in Sources */ = {isa = PBXBuildFile; fileRef = 7F2998CC0C224DAC00227C9E /* SimpleHTTPConnection.m */; };
		7F2999490C2256C100227C9E /* NSURL+Parameters.m in Sources */ = {isa = PBXBuildFile; fileRef = 7F2999480C2256C100227C9E /* NSURL+Parameters.m */; };
		7F29996A0C225FAE00227C9E /* ApplicationServices.framework in Frameworks */ = {isa = PBXBuildFile; fileRef = 7F2999690C225FAE00227C9E /* ApplicationServices.framework */; };
		7F299A460C22607500227C9E /* OpenGL.framework in Frameworks */ = {isa = PBXBuildFile; fileRef = 7F299A450C22607500227C9E /* OpenGL.framework */; };
		7F299B410C23027E00227C9E /* QSKeyCodeTranslator.m in Sources */ = {isa = PBXBuildFile; fileRef = 7F299B3F0C23027E00227C9E /* QSKeyCodeTranslator.m */; };
		7F3363AE0C35327F000E142A /* Telekinesis.icns in Resources */ = {isa = PBXBuildFile; fileRef = 7F3363AD0C35327F000E142A /* Telekinesis.icns */; };
		7F6D81520C36CA530003FABC /* www in Resources */ = {isa = PBXBuildFile; fileRef = 7F6D81400C36CA520003FABC /* www */; };
		7F6D818E0C36DE3D0003FABC /* httpd.1.3.33.conf in Resources */ = {isa = PBXBuildFile; fileRef = 7F6D818C0C36DE3D0003FABC /* httpd.1.3.33.conf */; };
		7F6D818F0C36DE3D0003FABC /* httpd.2.0.conf in Resources */ = {isa = PBXBuildFile; fileRef = 7F6D818D0C36DE3D0003FABC /* httpd.2.0.conf */; };
		7F6D81930C36DE650003FABC /* cert-2007.pem in Resources */ = {isa = PBXBuildFile; fileRef = 7F6D81910C36DE650003FABC /* cert-2007.pem */; };
		7F6D81940C36DE650003FABC /* privkey-2007.pem in Resources */ = {isa = PBXBuildFile; fileRef = 7F6D81920C36DE650003FABC /* privkey-2007.pem */; };
		7FFBFE980C36E3BD00C1B8EB /* passwords in Resources */ = {isa = PBXBuildFile; fileRef = 7FFBFE970C36E3BD00C1B8EB /* passwords */; };
		7FFBFEE50C36E69700C1B8EB /* scripts in Resources */ = {isa = PBXBuildFile; fileRef = 7FFBFEDE0C36E69700C1B8EB /* scripts */; };
		8D11072A0486CEB800E47090 /* MainMenu.nib in Resources */ = {isa = PBXBuildFile; fileRef = 29B97318FDCFA39411CA2CEA /* MainMenu.nib */; };
		8D11072B0486CEB800E47090 /* InfoPlist.strings in Resources */ = {isa = PBXBuildFile; fileRef = 089C165CFE840E0CC02AAC07 /* InfoPlist.strings */; };
		8D11072D0486CEB800E47090 /* main.m in Sources */ = {isa = PBXBuildFile; fileRef = 29B97316FDCFA39411CA2CEA /* main.m */; settings = {ATTRIBUTES = (); }; };
		8D11072F0486CEB800E47090 /* Cocoa.framework in Frameworks */ = {isa = PBXBuildFile; fileRef = 1058C7A1FEA54F0111CA2CBB /* Cocoa.framework */; };
/* End PBXBuildFile section */

/* Begin PBXFileReference section */
		089C165DFE840E0CC02AAC07 /* English */ = {isa = PBXFileReference; fileEncoding = 10; lastKnownFileType = text.plist.strings; name = English; path = English.lproj/InfoPlist.strings; sourceTree = "<group>"; };
		1058C7A1FEA54F0111CA2CBB /* Cocoa.framework */ = {isa = PBXFileReference; lastKnownFileType = wrapper.framework; name = Cocoa.framework; path = /System/Library/Frameworks/Cocoa.framework; sourceTree = "<absolute>"; };
		13E42FB307B3F0F600E4EEF1 /* CoreData.framework */ = {isa = PBXFileReference; lastKnownFileType = wrapper.framework; name = CoreData.framework; path = /System/Library/Frameworks/CoreData.framework; sourceTree = "<absolute>"; };
		29B97316FDCFA39411CA2CEA /* main.m */ = {isa = PBXFileReference; fileEncoding = 4; lastKnownFileType = sourcecode.c.objc; path = main.m; sourceTree = "<group>"; };
		29B97319FDCFA39411CA2CEA /* English */ = {isa = PBXFileReference; lastKnownFileType = wrapper.nib; name = English; path = English.lproj/MainMenu.nib; sourceTree = "<group>"; };
		29B97324FDCFA39411CA2CEA /* AppKit.framework */ = {isa = PBXFileReference; lastKnownFileType = wrapper.framework; name = AppKit.framework; path = /System/Library/Frameworks/AppKit.framework; sourceTree = "<absolute>"; };
		29B97325FDCFA39411CA2CEA /* Foundation.framework */ = {isa = PBXFileReference; lastKnownFileType = wrapper.framework; name = Foundation.framework; path = /System/Library/Frameworks/Foundation.framework; sourceTree = "<absolute>"; };
		32CA4F630368D1EE00C91783 /* Telekinesis_Prefix.pch */ = {isa = PBXFileReference; fileEncoding = 4; lastKnownFileType = sourcecode.c.h; path = Telekinesis_Prefix.pch; sourceTree = "<group>"; };
		7F08769A0C29F6980015C4C0 /* glgrab.c */ = {isa = PBXFileReference; fileEncoding = 30; lastKnownFileType = sourcecode.c.c; path = glgrab.c; sourceTree = "<group>"; };
		7F2998C50C224D7300227C9E /* TKController.h */ = {isa = PBXFileReference; fileEncoding = 4; lastKnownFileType = sourcecode.c.h; path = TKController.h; sourceTree = "<group>"; };
		7F2998C60C224D7300227C9E /* TKController.m */ = {isa = PBXFileReference; fileEncoding = 4; lastKnownFileType = sourcecode.c.objc; path = TKController.m; sourceTree = "<group>"; };
		7F2998CA0C224DAC00227C9E /* SimpleHTTPServer.m */ = {isa = PBXFileReference; fileEncoding = 30; lastKnownFileType = sourcecode.c.objc; name = SimpleHTTPServer.m; path = "../../Lux/Alchemy/Elements-private-svn/WebBridge/SimpleHTTPServer.m"; sourceTree = SOURCE_ROOT; };
		7F2998CB0C224DAC00227C9E /* SimpleHTTPConnection.h */ = {isa = PBXFileReference; fileEncoding = 30; lastKnownFileType = sourcecode.c.h; name = SimpleHTTPConnection.h; path = "../../Lux/Alchemy/Elements-private-svn/WebBridge/SimpleHTTPConnection.h"; sourceTree = SOURCE_ROOT; };
		7F2998CC0C224DAC00227C9E /* SimpleHTTPConnection.m */ = {isa = PBXFileReference; fileEncoding = 30; lastKnownFileType = sourcecode.c.objc; name = SimpleHTTPConnection.m; path = "../../Lux/Alchemy/Elements-private-svn/WebBridge/SimpleHTTPConnection.m"; sourceTree = SOURCE_ROOT; };
		7F2998CD0C224DAC00227C9E /* SimpleHTTPServer.h */ = {isa = PBXFileReference; fileEncoding = 30; lastKnownFileType = sourcecode.c.h; name = SimpleHTTPServer.h; path = "../../Lux/Alchemy/Elements-private-svn/WebBridge/SimpleHTTPServer.h"; sourceTree = SOURCE_ROOT; };
		7F2999470C2256C100227C9E /* NSURL+Parameters.h */ = {isa = PBXFileReference; fileEncoding = 4; lastKnownFileType = sourcecode.c.h; path = "NSURL+Parameters.h"; sourceTree = "<group>"; };
		7F2999480C2256C100227C9E /* NSURL+Parameters.m */ = {isa = PBXFileReference; fileEncoding = 4; lastKnownFileType = sourcecode.c.objc; path = "NSURL+Parameters.m"; sourceTree = "<group>"; };
		7F2999650C225F9900227C9E /* glgrab.h */ = {isa = PBXFileReference; fileEncoding = 4; lastKnownFileType = sourcecode.c.h; path = glgrab.h; sourceTree = "<group>"; };
		7F2999690C225FAE00227C9E /* ApplicationServices.framework */ = {isa = PBXFileReference; lastKnownFileType = wrapper.framework; name = ApplicationServices.framework; path = /System/Library/Frameworks/ApplicationServices.framework; sourceTree = "<absolute>"; };
		7F299A450C22607500227C9E /* OpenGL.framework */ = {isa = PBXFileReference; lastKnownFileType = wrapper.framework; name = OpenGL.framework; path = /System/Library/Frameworks/OpenGL.framework; sourceTree = "<absolute>"; };
		7F299B3F0C23027E00227C9E /* QSKeyCodeTranslator.m */ = {isa = PBXFileReference; fileEncoding = 30; lastKnownFileType = sourcecode.c.objc; path = QSKeyCodeTranslator.m; sourceTree = "<group>"; };
		7F299B400C23027E00227C9E /* QSKeyCodeTranslator.h */ = {isa = PBXFileReference; fileEncoding = 30; lastKnownFileType = sourcecode.c.h; path = QSKeyCodeTranslator.h; sourceTree = "<group>"; };
		7F30A4D30C2AB5FF00CF2882 /* CGSPrivate.h */ = {isa = PBXFileReference; fileEncoding = 30; lastKnownFileType = sourcecode.c.h; path = CGSPrivate.h; sourceTree = "<group>"; };
		7F3363AD0C35327F000E142A /* Telekinesis.icns */ = {isa = PBXFileReference; lastKnownFileType = image.icns; path = Telekinesis.icns; sourceTree = "<group>"; };
		7F6D81400C36CA520003FABC /* www */ = {isa = PBXFileReference; lastKnownFileType = folder; path = www; sourceTree = "<group>"; };
		7F6D818C0C36DE3D0003FABC /* httpd.1.3.33.conf */ = {isa = PBXFileReference; fileEncoding = 30; lastKnownFileType = text; path = httpd.1.3.33.conf; sourceTree = "<group>"; };
		7F6D818D0C36DE3D0003FABC /* httpd.2.0.conf */ = {isa = PBXFileReference; fileEncoding = 30; lastKnownFileType = text; path = httpd.2.0.conf; sourceTree = "<group>"; };
		7F6D81910C36DE650003FABC /* cert-2007.pem */ = {isa = PBXFileReference; fileEncoding = 30; lastKnownFileType = text; path = "cert-2007.pem"; sourceTree = "<group>"; };
		7F6D81920C36DE650003FABC /* privkey-2007.pem */ = {isa = PBXFileReference; fileEncoding = 30; lastKnownFileType = text; path = "privkey-2007.pem"; sourceTree = "<group>"; };
		7FFBFE970C36E3BD00C1B8EB /* passwords */ = {isa = PBXFileReference; fileEncoding = 30; lastKnownFileType = text; path = passwords; sourceTree = "<group>"; };
		7FFBFEDE0C36E69700C1B8EB /* scripts */ = {isa = PBXFileReference; lastKnownFileType = folder; path = scripts; sourceTree = "<group>"; };
		8D1107310486CEB800E47090 /* Info.plist */ = {isa = PBXFileReference; fileEncoding = 4; lastKnownFileType = text.xml; path = Info.plist; sourceTree = "<group>"; };
		8D1107320486CEB800E47090 /* Telekinesis.app */ = {isa = PBXFileReference; explicitFileType = wrapper.application; includeInIndex = 0; path = Telekinesis.app; sourceTree = BUILT_PRODUCTS_DIR; };
/* End PBXFileReference section */

/* Begin PBXFrameworksBuildPhase section */
		8D11072E0486CEB800E47090 /* Frameworks */ = {
			isa = PBXFrameworksBuildPhase;
			buildActionMask = 2147483647;
			files = (
				8D11072F0486CEB800E47090 /* Cocoa.framework in Frameworks */,
				7F29996A0C225FAE00227C9E /* ApplicationServices.framework in Frameworks */,
				7F299A460C22607500227C9E /* OpenGL.framework in Frameworks */,
			);
			runOnlyForDeploymentPostprocessing = 0;
		};
/* End PBXFrameworksBuildPhase section */

/* Begin PBXGroup section */
		080E96DDFE201D6D7F000001 /* Classes */ = {
			isa = PBXGroup;
			children = (
				7F2998C50C224D7300227C9E /* TKController.h */,
				7F2998C60C224D7300227C9E /* TKController.m */,
				7F299B3F0C23027E00227C9E /* QSKeyCodeTranslator.m */,
				7F299B400C23027E00227C9E /* QSKeyCodeTranslator.h */,
				7F2999470C2256C100227C9E /* NSURL+Parameters.h */,
				7F2999480C2256C100227C9E /* NSURL+Parameters.m */,
			);
			name = Classes;
			sourceTree = "<group>";
		};
		1058C7A0FEA54F0111CA2CBB /* Linked Frameworks */ = {
			isa = PBXGroup;
			children = (
				7F299A450C22607500227C9E /* OpenGL.framework */,
				7F2999690C225FAE00227C9E /* ApplicationServices.framework */,
				1058C7A1FEA54F0111CA2CBB /* Cocoa.framework */,
			);
			name = "Linked Frameworks";
			sourceTree = "<group>";
		};
		1058C7A2FEA54F0111CA2CBB /* Other Frameworks */ = {
			isa = PBXGroup;
			children = (
				29B97324FDCFA39411CA2CEA /* AppKit.framework */,
				13E42FB307B3F0F600E4EEF1 /* CoreData.framework */,
				29B97325FDCFA39411CA2CEA /* Foundation.framework */,
			);
			name = "Other Frameworks";
			sourceTree = "<group>";
		};
		19C28FACFE9D520D11CA2CBB /* Products */ = {
			isa = PBXGroup;
			children = (
				8D1107320486CEB800E47090 /* Telekinesis.app */,
			);
			name = Products;
			sourceTree = "<group>";
		};
		29B97314FDCFA39411CA2CEA /* Telekinesis */ = {
			isa = PBXGroup;
			children = (
				7F30A4D30C2AB5FF00CF2882 /* CGSPrivate.h */,
				080E96DDFE201D6D7F000001 /* Classes */,
				29B97315FDCFA39411CA2CEA /* Other Sources */,
				29B97317FDCFA39411CA2CEA /* Resources */,
				29B97323FDCFA39411CA2CEA /* Frameworks */,
				19C28FACFE9D520D11CA2CBB /* Products */,
			);
			name = Telekinesis;
			sourceTree = "<group>";
		};
		29B97315FDCFA39411CA2CEA /* Other Sources */ = {
			isa = PBXGroup;
			children = (
				32CA4F630368D1EE00C91783 /* Telekinesis_Prefix.pch */,
				29B97316FDCFA39411CA2CEA /* main.m */,
				7F2999650C225F9900227C9E /* glgrab.h */,
				7F08769A0C29F6980015C4C0 /* glgrab.c */,
				7F2998CA0C224DAC00227C9E /* SimpleHTTPServer.m */,
				7F2998CB0C224DAC00227C9E /* SimpleHTTPConnection.h */,
				7F2998CC0C224DAC00227C9E /* SimpleHTTPConnection.m */,
				7F2998CD0C224DAC00227C9E /* SimpleHTTPServer.h */,
			);
			name = "Other Sources";
			sourceTree = "<group>";
		};
		29B97317FDCFA39411CA2CEA /* Resources */ = {
			isa = PBXGroup;
			children = (
				7FFBFE970C36E3BD00C1B8EB /* passwords */,
				7F6D81910C36DE650003FABC /* cert-2007.pem */,
				7F6D81920C36DE650003FABC /* privkey-2007.pem */,
				7F6D818C0C36DE3D0003FABC /* httpd.1.3.33.conf */,
				7F6D818D0C36DE3D0003FABC /* httpd.2.0.conf */,
				7F6D81400C36CA520003FABC /* www */,
				7F3363AD0C35327F000E142A /* Telekinesis.icns */,
				7FFBFEDE0C36E69700C1B8EB /* scripts */,
				8D1107310486CEB800E47090 /* Info.plist */,
				089C165CFE840E0CC02AAC07 /* InfoPlist.strings */,
				29B97318FDCFA39411CA2CEA /* MainMenu.nib */,
			);
			name = Resources;
			sourceTree = "<group>";
		};
		29B97323FDCFA39411CA2CEA /* Frameworks */ = {
			isa = PBXGroup;
			children = (
				1058C7A0FEA54F0111CA2CBB /* Linked Frameworks */,
				1058C7A2FEA54F0111CA2CBB /* Other Frameworks */,
			);
			name = Frameworks;
			sourceTree = "<group>";
		};
/* End PBXGroup section */

/* Begin PBXNativeTarget section */
		8D1107260486CEB800E47090 /* Telekinesis */ = {
			isa = PBXNativeTarget;
			buildConfigurationList = C01FCF4A08A954540054247B /* Build configuration list for PBXNativeTarget "Telekinesis" */;
			buildPhases = (
				7F6D80540C3684520003FABC /* ShellScript */,
				8D1107290486CEB800E47090 /* Resources */,
				8D11072C0486CEB800E47090 /* Sources */,
				8D11072E0486CEB800E47090 /* Frameworks */,
			);
			buildRules = (
			);
			dependencies = (
			);
			name = Telekinesis;
			productInstallPath = "$(HOME)/Applications";
			productName = Telekinesis;
			productReference = 8D1107320486CEB800E47090 /* Telekinesis.app */;
			productType = "com.apple.product-type.application";
		};
/* End PBXNativeTarget section */

/* Begin PBXProject section */
		29B97313FDCFA39411CA2CEA /* Project object */ = {
			isa = PBXProject;
			buildConfigurationList = C01FCF4E08A954540054247B /* Build configuration list for PBXProject "Telekinesis" */;
			hasScannedForEncodings = 1;
			mainGroup = 29B97314FDCFA39411CA2CEA /* Telekinesis */;
			projectDirPath = "";
			projectRoot = "";
			targets = (
				8D1107260486CEB800E47090 /* Telekinesis */,
			);
		};
/* End PBXProject section */

/* Begin PBXResourcesBuildPhase section */
		8D1107290486CEB800E47090 /* Resources */ = {
			isa = PBXResourcesBuildPhase;
			buildActionMask = 2147483647;
			files = (
				8D11072A0486CEB800E47090 /* MainMenu.nib in Resources */,
				8D11072B0486CEB800E47090 /* InfoPlist.strings in Resources */,
				7F3363AE0C35327F000E142A /* Telekinesis.icns in Resources */,
				7F6D81520C36CA530003FABC /* www in Resources */,
				7F6D818E0C36DE3D0003FABC /* httpd.1.3.33.conf in Resources */,
				7F6D818F0C36DE3D0003FABC /* httpd.2.0.conf in Resources */,
				7F6D81930C36DE650003FABC /* cert-2007.pem in Resources */,
				7F6D81940C36DE650003FABC /* privkey-2007.pem in Resources */,
				7FFBFE980C36E3BD00C1B8EB /* passwords in Resources */,
				7FFBFEE50C36E69700C1B8EB /* scripts in Resources */,
			);
			runOnlyForDeploymentPostprocessing = 0;
		};
/* End PBXResourcesBuildPhase section */

/* Begin PBXShellScriptBuildPhase section */
		7F6D80540C3684520003FABC /* ShellScript */ = {
			isa = PBXShellScriptBuildPhase;
			buildActionMask = 2147483647;
			files = (
			);
			inputPaths = (
				"$(SRCROOT)/www",
			);
			outputPaths = (
			);
			runOnlyForDeploymentPostprocessing = 0;
			shellPath = /bin/sh;
			shellScript = "touch $SRCROOT/www";
		};
/* End PBXShellScriptBuildPhase section */

/* Begin PBXSourcesBuildPhase section */
		8D11072C0486CEB800E47090 /* Sources */ = {
			isa = PBXSourcesBuildPhase;
			buildActionMask = 2147483647;
			files = (
				8D11072D0486CEB800E47090 /* main.m in Sources */,
				7F2998C70C224D7300227C9E /* TKController.m in Sources */,
				7F2998CE0C224DAC00227C9E /* SimpleHTTPServer.m in Sources */,
				7F2998CF0C224DAC00227C9E /* SimpleHTTPConnection.m in Sources */,
				7F2999490C2256C100227C9E /* NSURL+Parameters.m in Sources */,
				7F299B410C23027E00227C9E /* QSKeyCodeTranslator.m in Sources */,
				7F08769B0C29F6980015C4C0 /* glgrab.c in Sources */,
			);
			runOnlyForDeploymentPostprocessing = 0;
		};
/* End PBXSourcesBuildPhase section */

/* Begin PBXVariantGroup section */
		089C165CFE840E0CC02AAC07 /* InfoPlist.strings */ = {
			isa = PBXVariantGroup;
			children = (
				089C165DFE840E0CC02AAC07 /* English */,
			);
			name = InfoPlist.strings;
			sourceTree = "<group>";
		};
		29B97318FDCFA39411CA2CEA /* MainMenu.nib */ = {
			isa = PBXVariantGroup;
			children = (
				29B97319FDCFA39411CA2CEA /* English */,
			);
			name = MainMenu.nib;
			sourceTree = "<group>";
		};
/* End PBXVariantGroup section */

/* Begin XCBuildConfiguration section */
		C01FCF4B08A954540054247B /* Debug */ = {
			isa = XCBuildConfiguration;
			buildSettings = {
				COPY_PHASE_STRIP = NO;
				GCC_DYNAMIC_NO_PIC = NO;
				GCC_ENABLE_FIX_AND_CONTINUE = YES;
				GCC_MODEL_TUNING = G5;
				GCC_OPTIMIZATION_LEVEL = 0;
				GCC_PRECOMPILE_PREFIX_HEADER = YES;
				GCC_PREFIX_HEADER = Telekinesis_Prefix.pch;
				INFOPLIST_FILE = Info.plist;
				INSTALL_PATH = "$(HOME)/Applications";
				PRODUCT_NAME = Telekinesis;
				WRAPPER_EXTENSION = app;
				ZERO_LINK = YES;
			};
			name = Debug;
		};
		C01FCF4C08A954540054247B /* Release */ = {
			isa = XCBuildConfiguration;
			buildSettings = {
				ARCHS = (
					ppc,
					i386,
				);
				DEBUG_INFORMATION_FORMAT = "dwarf-with-dsym";
				GCC_MODEL_TUNING = G5;
				GCC_PRECOMPILE_PREFIX_HEADER = YES;
				GCC_PREFIX_HEADER = Telekinesis_Prefix.pch;
				INFOPLIST_FILE = Info.plist;
				INSTALL_PATH = "$(HOME)/Applications";
				PRODUCT_NAME = Telekinesis;
				WRAPPER_EXTENSION = app;
			};
			name = Release;
		};
		C01FCF4F08A954540054247B /* Debug */ = {
			isa = XCBuildConfiguration;
			buildSettings = {
				GCC_WARN_ABOUT_RETURN_TYPE = YES;
				GCC_WARN_UNUSED_VARIABLE = YES;
				PREBINDING = NO;
				SDKROOT = /Developer/SDKs/MacOSX10.4u.sdk;
			};
			name = Debug;
		};
		C01FCF5008A954540054247B /* Release */ = {
			isa = XCBuildConfiguration;
			buildSettings = {
				GCC_WARN_ABOUT_RETURN_TYPE = YES;
				GCC_WARN_UNUSED_VARIABLE = YES;
				PREBINDING = NO;
				SDKROOT = /Developer/SDKs/MacOSX10.4u.sdk;
			};
			name = Release;
		};
/* End XCBuildConfiguration section */

/* Begin XCConfigurationList section */
		C01FCF4A08A954540054247B /* Build configuration list for PBXNativeTarget "Telekinesis" */ = {
			isa = XCConfigurationList;
			buildConfigurations = (
				C01FCF4B08A954540054247B /* Debug */,
				C01FCF4C08A954540054247B /* Release */,
			);
			defaultConfigurationIsVisible = 0;
			defaultConfigurationName = Release;
		};
		C01FCF4E08A954540054247B /* Build configuration list for PBXProject "Telekinesis" */ = {
			isa = XCConfigurationList;
			buildConfigurations = (
				C01FCF4F08A954540054247B /* Debug */,
				C01FCF5008A954540054247B /* Release */,
			);
			defaultConfigurationIsVisible = 0;
			defaultConfigurationName = Release;
		};
/* End XCConfigurationList section */
	};
	rootObject = 29B97313FDCFA39411CA2CEA /* Project object */;
}
